
Microsoft Visual Studio Solution File, Format Version 12.00
# Visual Studio Version 16
VisualStudioVersion = 16.0.30204.135
MinimumVisualStudioVersion = 10.0.40219.1
Project("{888888A0-9F3D-457C-B088-3A5042F75D52}") = "Wordle Solver", "Wordle Solver\Wordle Solver.pyproj", "{D4208E8C-9F02-4C71-8A57-5DA991726AF4}"
EndProject
Global
	GlobalSection(SolutionConfigurationPlatforms) = preSolution
		Debug|Any CPU = Debug|Any CPU
		Release|Any CPU = Release|Any CPU
	EndGlobalSection
	GlobalSection(ProjectConfigurationPlatforms) = postSolution
		{D4208E8C-9F02-4C71-8A57-5DA991726AF4}.Debug|Any CPU.ActiveCfg = Debug|Any CPU
		{D4208E8C-9F02-4C71-8A57-5DA991726AF4}.Release|Any CPU.ActiveCfg = Release|Any CPU
	EndGlobalSection
	GlobalSection(SolutionProperties) = preSolution
		HideSolutionNode = FALSE
	EndGlobalSection
	GlobalSection(ExtensibilityGlobals) = postSolution
		SolutionGuid = {BAAE0BA6-4D7C-4CBC-9E92-546F674FF13E}
	EndGlobalSection
EndGlobal
